# THIS IS AN AUTOGENERATED FILE. DO NOT EDIT THIS FILE DIRECTLY.
# yarn lockfile v1


ak-kaleidoscope@^1.1.0:
  version "1.1.0"
  resolved "https://registry.yarnpkg.com/ak-kaleidoscope/-/ak-kaleidoscope-1.1.0.tgz#877dbb964daf4d30dee9c537087c37692d5805c4"
  integrity sha512-6Ofj7HPzwn5L2dj6m2Lpk66UCacZFu1lb2GaE5CwVqN+wwdpMgG2cUGE/6OXb/MtgfRXLN4rbf8ESRCh1fi+6w==
